
Microsoft Visual Studio Solution File, Format Version 12.00
# Visual Studio Version 17
VisualStudioVersion = 17.0.31903.59
MinimumVisualStudioVersion = 10.0.40219.1
Project("{2150E333-8FDC-42A3-9474-1A3956D46DE8}") = "src", "src", "{827E0CD3-B72D-47B6-A68D-7590B98EB39B}"
EndProject
Project("{FAE04EC0-301F-11D3-BF4B-00C04F79EFBC}") = "SalesEvaluation.Domain", "src\SalesEvaluation.Domain\SalesEvaluation.Domain.csproj", "{D0A9B5A7-D6B9-4BD9-A08C-8C90F4C7A494}"
EndProject
Project("{FAE04EC0-301F-11D3-BF4B-00C04F79EFBC}") = "SalesEvaluation.Contracts", "src\SalesEvaluation.Contracts\SalesEvaluation.Contracts.csproj", "{8D2F4BDC-C292-4C1C-BF0E-2B167AFB835B}"
EndProject
Project("{FAE04EC0-301F-11D3-BF4B-00C04F79EFBC}") = "SalesEvaluation.Application", "src\SalesEvaluation.Application\SalesEvaluation.Application.csproj", "{ADC33986-6749-4883-BA20-AD4D158ED15B}"
EndProject
Project("{FAE04EC0-301F-11D3-BF4B-00C04F79EFBC}") = "SalesEvaluation.Infrastructure", "src\SalesEvaluation.Infrastructure\SalesEvaluation.Infrastructure.csproj", "{12CB083E-B2E8-41B4-9D2D-11D8DF5EDE84}"
EndProject
Project("{FAE04EC0-301F-11D3-BF4B-00C04F79EFBC}") = "SalesEvaluation.Api", "src\SalesEvaluation.Api\SalesEvaluation.Api.csproj", "{9A77549E-1D92-4F85-BEAD-566587DEF445}"
EndProject
Project("{2150E333-8FDC-42A3-9474-1A3956D46DE8}") = "tests", "tests", "{0AB3BF05-4346-4AA6-1389-037BE0695223}"
EndProject
Project("{FAE04EC0-301F-11D3-BF4B-00C04F79EFBC}") = "SalesEvaluation.Domain.Tests", "tests\SalesEvaluation.Domain.Tests\SalesEvaluation.Domain.Tests.csproj", "{8C80AD06-A48F-49E7-BFDE-9A557E6C7C03}"
EndProject
Project("{FAE04EC0-301F-11D3-BF4B-00C04F79EFBC}") = "SalesEvaluation.Application.Tests", "tests\SalesEvaluation.Application.Tests\SalesEvaluation.Application.Tests.csproj", "{57DF6B52-8882-47E0-882A-65396B61A076}"
EndProject
Project("{FAE04EC0-301F-11D3-BF4B-00C04F79EFBC}") = "SalesEvaluation.IntegrationTests", "tests\SalesEvaluation.IntegrationTests\SalesEvaluation.IntegrationTests.csproj", "{D4FAE1D3-6EC0-48F5-B965-7FDDDB0A9D85}"
EndProject
Project("{FAE04EC0-301F-11D3-BF4B-00C04F79EFBC}") = "SalesEvaluation.Api.Tests", "tests\SalesEvaluation.Api.Tests\SalesEvaluation.Api.Tests.csproj", "{9FDCEA19-6A4D-4AB3-BD87-8BFD54690FFC}"
EndProject
Global
	GlobalSection(SolutionConfigurationPlatforms) = preSolution
		Debug|Any CPU = Debug|Any CPU
		Debug|x64 = Debug|x64
		Debug|x86 = Debug|x86
		Release|Any CPU = Release|Any CPU
		Release|x64 = Release|x64
		Release|x86 = Release|x86
	EndGlobalSection
	GlobalSection(ProjectConfigurationPlatforms) = postSolution
		{D0A9B5A7-D6B9-4BD9-A08C-8C90F4C7A494}.Debug|Any CPU.ActiveCfg = Debug|Any CPU
		{D0A9B5A7-D6B9-4BD9-A08C-8C90F4C7A494}.Debug|Any CPU.Build.0 = Debug|Any CPU
		{D0A9B5A7-D6B9-4BD9-A08C-8C90F4C7A494}.Debug|x64.ActiveCfg = Debug|Any CPU
		{D0A9B5A7-D6B9-4BD9-A08C-8C90F4C7A494}.Debug|x64.Build.0 = Debug|Any CPU
		{D0A9B5A7-D6B9-4BD9-A08C-8C90F4C7A494}.Debug|x86.ActiveCfg = Debug|Any CPU
		{D0A9B5A7-D6B9-4BD9-A08C-8C90F4C7A494}.Debug|x86.Build.0 = Debug|Any CPU
		{D0A9B5A7-D6B9-4BD9-A08C-8C90F4C7A494}.Release|Any CPU.ActiveCfg = Release|Any CPU
		{D0A9B5A7-D6B9-4BD9-A08C-8C90F4C7A494}.Release|Any CPU.Build.0 = Release|Any CPU
		{D0A9B5A7-D6B9-4BD9-A08C-8C90F4C7A494}.Release|x64.ActiveCfg = Release|Any CPU
		{D0A9B5A7-D6B9-4BD9-A08C-8C90F4C7A494}.Release|x64.Build.0 = Release|Any CPU
		{D0A9B5A7-D6B9-4BD9-A08C-8C90F4C7A494}.Release|x86.ActiveCfg = Release|Any CPU
		{D0A9B5A7-D6B9-4BD9-A08C-8C90F4C7A494}.Release|x86.Build.0 = Release|Any CPU
		{8D2F4BDC-C292-4C1C-BF0E-2B167AFB835B}.Debug|Any CPU.ActiveCfg = Debug|Any CPU
		{8D2F4BDC-C292-4C1C-BF0E-2B167AFB835B}.Debug|Any CPU.Build.0 = Debug|Any CPU
		{8D2F4BDC-C292-4C1C-BF0E-2B167AFB835B}.Debug|x64.ActiveCfg = Debug|Any CPU
		{8D2F4BDC-C292-4C1C-BF0E-2B167AFB835B}.Debug|x64.Build.0 = Debug|Any CPU
		{8D2F4BDC-C292-4C1C-BF0E-2B167AFB835B}.Debug|x86.ActiveCfg = Debug|Any CPU
		{8D2F4BDC-C292-4C1C-BF0E-2B167AFB835B}.Debug|x86.Build.0 = Debug|Any CPU
		{8D2F4BDC-C292-4C1C-BF0E-2B167AFB835B}.Release|Any CPU.ActiveCfg = Release|Any CPU
		{8D2F4BDC-C292-4C1C-BF0E-2B167AFB835B}.Release|Any CPU.Build.0 = Release|Any CPU
		{8D2F4BDC-C292-4C1C-BF0E-2B167AFB835B}.Release|x64.ActiveCfg = Release|Any CPU
		{8D2F4BDC-C292-4C1C-BF0E-2B167AFB835B}.Release|x64.Build.0 = Release|Any CPU
		{8D2F4BDC-C292-4C1C-BF0E-2B167AFB835B}.Release|x86.ActiveCfg = Release|Any CPU
		{8D2F4BDC-C292-4C1C-BF0E-2B167AFB835B}.Release|x86.Build.0 = Release|Any CPU
		{ADC33986-6749-4883-BA20-AD4D158ED15B}.Debug|Any CPU.ActiveCfg = Debug|Any CPU
		{ADC33986-6749-4883-BA20-AD4D158ED15B}.Debug|Any CPU.Build.0 = Debug|Any CPU
		{ADC33986-6749-4883-BA20-AD4D158ED15B}.Debug|x64.ActiveCfg = Debug|Any CPU
		{ADC33986-6749-4883-BA20-AD4D158ED15B}.Debug|x64.Build.0 = Debug|Any CPU
		{ADC33986-6749-4883-BA20-AD4D158ED15B}.Debug|x86.ActiveCfg = Debug|Any CPU
		{ADC33986-6749-4883-BA20-AD4D158ED15B}.Debug|x86.Build.0 = Debug|Any CPU
		{ADC33986-6749-4883-BA20-AD4D158ED15B}.Release|Any CPU.ActiveCfg = Release|Any CPU
		{ADC33986-6749-4883-BA20-AD4D158ED15B}.Release|Any CPU.Build.0 = Release|Any CPU
		{ADC33986-6749-4883-BA20-AD4D158ED15B}.Release|x64.ActiveCfg = Release|Any CPU
		{ADC33986-6749-4883-BA20-AD4D158ED15B}.Release|x64.Build.0 = Release|Any CPU
		{ADC33986-6749-4883-BA20-AD4D158ED15B}.Release|x86.ActiveCfg = Release|Any CPU
		{ADC33986-6749-4883-BA20-AD4D158ED15B}.Release|x86.Build.0 = Release|Any CPU
		{12CB083E-B2E8-41B4-9D2D-11D8DF5EDE84}.Debug|Any CPU.ActiveCfg = Debug|Any CPU
		{12CB083E-B2E8-41B4-9D2D-11D8DF5EDE84}.Debug|Any CPU.Build.0 = Debug|Any CPU
		{12CB083E-B2E8-41B4-9D2D-11D8DF5EDE84}.Debug|x64.ActiveCfg = Debug|Any CPU
		{12CB083E-B2E8-41B4-9D2D-11D8DF5EDE84}.Debug|x64.Build.0 = Debug|Any CPU
		{12CB083E-B2E8-41B4-9D2D-11D8DF5EDE84}.Debug|x86.ActiveCfg = Debug|Any CPU
		{12CB083E-B2E8-41B4-9D2D-11D8DF5EDE84}.Debug|x86.Build.0 = Debug|Any CPU
		{12CB083E-B2E8-41B4-9D2D-11D8DF5EDE84}.Release|Any CPU.ActiveCfg = Release|Any CPU
		{12CB083E-B2E8-41B4-9D2D-11D8DF5EDE84}.Release|Any CPU.Build.0 = Release|Any CPU
		{12CB083E-B2E8-41B4-9D2D-11D8DF5EDE84}.Release|x64.ActiveCfg = Release|Any CPU
		{12CB083E-B2E8-41B4-9D2D-11D8DF5EDE84}.Release|x64.Build.0 = Release|Any CPU
		{12CB083E-B2E8-41B4-9D2D-11D8DF5EDE84}.Release|x86.ActiveCfg = Release|Any CPU
		{12CB083E-B2E8-41B4-9D2D-11D8DF5EDE84}.Release|x86.Build.0 = Release|Any CPU
		{9A77549E-1D92-4F85-BEAD-566587DEF445}.Debug|Any CPU.ActiveCfg = Debug|Any CPU
		{9A77549E-1D92-4F85-BEAD-566587DEF445}.Debug|Any CPU.Build.0 = Debug|Any CPU
		{9A77549E-1D92-4F85-BEAD-566587DEF445}.Debug|x64.ActiveCfg = Debug|Any CPU
		{9A77549E-1D92-4F85-BEAD-566587DEF445}.Debug|x64.Build.0 = Debug|Any CPU
		{9A77549E-1D92-4F85-BEAD-566587DEF445}.Debug|x86.ActiveCfg = Debug|Any CPU
		{9A77549E-1D92-4F85-BEAD-566587DEF445}.Debug|x86.Build.0 = Debug|Any CPU
		{9A77549E-1D92-4F85-BEAD-566587DEF445}.Release|Any CPU.ActiveCfg = Release|Any CPU
		{9A77549E-1D92-4F85-BEAD-566587DEF445}.Release|Any CPU.Build.0 = Release|Any CPU
		{9A77549E-1D92-4F85-BEAD-566587DEF445}.Release|x64.ActiveCfg = Release|Any CPU
		{9A77549E-1D92-4F85-BEAD-566587DEF445}.Release|x64.Build.0 = Release|Any CPU
		{9A77549E-1D92-4F85-BEAD-566587DEF445}.Release|x86.ActiveCfg = Release|Any CPU
		{9A77549E-1D92-4F85-BEAD-566587DEF445}.Release|x86.Build.0 = Release|Any CPU
		{8C80AD06-A48F-49E7-BFDE-9A557E6C7C03}.Debug|Any CPU.ActiveCfg = Debug|Any CPU
		{8C80AD06-A48F-49E7-BFDE-9A557E6C7C03}.Debug|Any CPU.Build.0 = Debug|Any CPU
		{8C80AD06-A48F-49E7-BFDE-9A557E6C7C03}.Debug|x64.ActiveCfg = Debug|Any CPU
		{8C80AD06-A48F-49E7-BFDE-9A557E6C7C03}.Debug|x64.Build.0 = Debug|Any CPU
		{8C80AD06-A48F-49E7-BFDE-9A557E6C7C03}.Debug|x86.ActiveCfg = Debug|Any CPU
		{8C80AD06-A48F-49E7-BFDE-9A557E6C7C03}.Debug|x86.Build.0 = Debug|Any CPU
		{8C80AD06-A48F-49E7-BFDE-9A557E6C7C03}.Release|Any CPU.ActiveCfg = Release|Any CPU
		{8C80AD06-A48F-49E7-BFDE-9A557E6C7C03}.Release|Any CPU.Build.0 = Release|Any CPU
		{8C80AD06-A48F-49E7-BFDE-9A557E6C7C03}.Release|x64.ActiveCfg = Release|Any CPU
		{8C80AD06-A48F-49E7-BFDE-9A557E6C7C03}.Release|x64.Build.0 = Release|Any CPU
		{8C80AD06-A48F-49E7-BFDE-9A557E6C7C03}.Release|x86.ActiveCfg = Release|Any CPU
		{8C80AD06-A48F-49E7-BFDE-9A557E6C7C03}.Release|x86.Build.0 = Release|Any CPU
		{57DF6B52-8882-47E0-882A-65396B61A076}.Debug|Any CPU.ActiveCfg = Debug|Any CPU
		{57DF6B52-8882-47E0-882A-65396B61A076}.Debug|Any CPU.Build.0 = Debug|Any CPU
		{57DF6B52-8882-47E0-882A-65396B61A076}.Debug|x64.ActiveCfg = Debug|Any CPU
		{57DF6B52-8882-47E0-882A-65396B61A076}.Debug|x64.Build.0 = Debug|Any CPU
		{57DF6B52-8882-47E0-882A-65396B61A076}.Debug|x86.ActiveCfg = Debug|Any CPU
		{57DF6B52-8882-47E0-882A-65396B61A076}.Debug|x86.Build.0 = Debug|Any CPU
		{57DF6B52-8882-47E0-882A-65396B61A076}.Release|Any CPU.ActiveCfg = Release|Any CPU
		{57DF6B52-8882-47E0-882A-65396B61A076}.Release|Any CPU.Build.0 = Release|Any CPU
		{57DF6B52-8882-47E0-882A-65396B61A076}.Release|x64.ActiveCfg = Release|Any CPU
		{57DF6B52-8882-47E0-882A-65396B61A076}.Release|x64.Build.0 = Release|Any CPU
		{57DF6B52-8882-47E0-882A-65396B61A076}.Release|x86.ActiveCfg = Release|Any CPU
		{57DF6B52-8882-47E0-882A-65396B61A076}.Release|x86.Build.0 = Release|Any CPU
		{D4FAE1D3-6EC0-48F5-B965-7FDDDB0A9D85}.Debug|Any CPU.ActiveCfg = Debug|Any CPU
		{D4FAE1D3-6EC0-48F5-B965-7FDDDB0A9D85}.Debug|Any CPU.Build.0 = Debug|Any CPU
		{D4FAE1D3-6EC0-48F5-B965-7FDDDB0A9D85}.Debug|x64.ActiveCfg = Debug|Any CPU
		{D4FAE1D3-6EC0-48F5-B965-7FDDDB0A9D85}.Debug|x64.Build.0 = Debug|Any CPU
		{D4FAE1D3-6EC0-48F5-B965-7FDDDB0A9D85}.Debug|x86.ActiveCfg = Debug|Any CPU
		{D4FAE1D3-6EC0-48F5-B965-7FDDDB0A9D85}.Debug|x86.Build.0 = Debug|Any CPU
		{D4FAE1D3-6EC0-48F5-B965-7FDDDB0A9D85}.Release|Any CPU.ActiveCfg = Release|Any CPU
		{D4FAE1D3-6EC0-48F5-B965-7FDDDB0A9D85}.Release|Any CPU.Build.0 = Release|Any CPU
		{D4FAE1D3-6EC0-48F5-B965-7FDDDB0A9D85}.Release|x64.ActiveCfg = Release|Any CPU
		{D4FAE1D3-6EC0-48F5-B965-7FDDDB0A9D85}.Release|x64.Build.0 = Release|Any CPU
		{D4FAE1D3-6EC0-48F5-B965-7FDDDB0A9D85}.Release|x86.ActiveCfg = Release|Any CPU
		{D4FAE1D3-6EC0-48F5-B965-7FDDDB0A9D85}.Release|x86.Build.0 = Release|Any CPU
		{9FDCEA19-6A4D-4AB3-BD87-8BFD54690FFC}.Debug|Any CPU.ActiveCfg = Debug|Any CPU
		{9FDCEA19-6A4D-4AB3-BD87-8BFD54690FFC}.Debug|Any CPU.Build.0 = Debug|Any CPU
		{9FDCEA19-6A4D-4AB3-BD87-8BFD54690FFC}.Debug|x64.ActiveCfg = Debug|Any CPU
		{9FDCEA19-6A4D-4AB3-BD87-8BFD54690FFC}.Debug|x64.Build.0 = Debug|Any CPU
		{9FDCEA19-6A4D-4AB3-BD87-8BFD54690FFC}.Debug|x86.ActiveCfg = Debug|Any CPU
		{9FDCEA19-6A4D-4AB3-BD87-8BFD54690FFC}.Debug|x86.Build.0 = Debug|Any CPU
		{9FDCEA19-6A4D-4AB3-BD87-8BFD54690FFC}.Release|Any CPU.ActiveCfg = Release|Any CPU
		{9FDCEA19-6A4D-4AB3-BD87-8BFD54690FFC}.Release|Any CPU.Build.0 = Release|Any CPU
		{9FDCEA19-6A4D-4AB3-BD87-8BFD54690FFC}.Release|x64.ActiveCfg = Release|Any CPU
		{9FDCEA19-6A4D-4AB3-BD87-8BFD54690FFC}.Release|x64.Build.0 = Release|Any CPU
		{9FDCEA19-6A4D-4AB3-BD87-8BFD54690FFC}.Release|x86.ActiveCfg = Release|Any CPU
		{9FDCEA19-6A4D-4AB3-BD87-8BFD54690FFC}.Release|x86.Build.0 = Release|Any CPU
	EndGlobalSection
	GlobalSection(SolutionProperties) = preSolution
		HideSolutionNode = FALSE
	EndGlobalSection
	GlobalSection(NestedProjects) = preSolution
		{D0A9B5A7-D6B9-4BD9-A08C-8C90F4C7A494} = {827E0CD3-B72D-47B6-A68D-7590B98EB39B}
		{8D2F4BDC-C292-4C1C-BF0E-2B167AFB835B} = {827E0CD3-B72D-47B6-A68D-7590B98EB39B}
		{ADC33986-6749-4883-BA20-AD4D158ED15B} = {827E0CD3-B72D-47B6-A68D-7590B98EB39B}
		{12CB083E-B2E8-41B4-9D2D-11D8DF5EDE84} = {827E0CD3-B72D-47B6-A68D-7590B98EB39B}
		{9A77549E-1D92-4F85-BEAD-566587DEF445} = {827E0CD3-B72D-47B6-A68D-7590B98EB39B}
		{8C80AD06-A48F-49E7-BFDE-9A557E6C7C03} = {0AB3BF05-4346-4AA6-1389-037BE0695223}
		{57DF6B52-8882-47E0-882A-65396B61A076} = {0AB3BF05-4346-4AA6-1389-037BE0695223}
		{D4FAE1D3-6EC0-48F5-B965-7FDDDB0A9D85} = {0AB3BF05-4346-4AA6-1389-037BE0695223}
		{9FDCEA19-6A4D-4AB3-BD87-8BFD54690FFC} = {0AB3BF05-4346-4AA6-1389-037BE0695223}
	EndGlobalSection
EndGlobal
